
Microsoft Visual Studio Solution File, Format Version 12.00
# Visual Studio Version 17
VisualStudioVersion = 17.11.35219.272
MinimumVisualStudioVersion = 10.0.40219.1
Project("{FAE04EC0-301F-11D3-BF4B-00C04F79EFBC}") = "Book_Menu", "Book_Menu\Book_Menu.csproj", "{D9372F7D-6649-44D9-BC74-4F6712406B7F}"
EndProject
Global
	GlobalSection(SolutionConfigurationPlatforms) = preSolution
		Debug|Any CPU = Debug|Any CPU
		Release|Any CPU = Release|Any CPU
	EndGlobalSection
	GlobalSection(ProjectConfigurationPlatforms) = postSolution
		{D9372F7D-6649-44D9-BC74-4F6712406B7F}.Debug|Any CPU.ActiveCfg = Debug|Any CPU
		{D9372F7D-6649-44D9-BC74-4F6712406B7F}.Debug|Any CPU.Build.0 = Debug|Any CPU
		{D9372F7D-6649-44D9-BC74-4F6712406B7F}.Release|Any CPU.ActiveCfg = Release|Any CPU
		{D9372F7D-6649-44D9-BC74-4F6712406B7F}.Release|Any CPU.Build.0 = Release|Any CPU
	EndGlobalSection
	GlobalSection(SolutionProperties) = preSolution
		HideSolutionNode = FALSE
	EndGlobalSection
	GlobalSection(ExtensibilityGlobals) = postSolution
		SolutionGuid = {ECDE0AF4-E8E8-420A-B95A-83E19FB421CB}
	EndGlobalSection
EndGlobal
